// !$*UTF8*$!
{
	archiveVersion = 1;
	classes = {
	};
	objectVersion = 56;
	objects = {

/* Begin PBXBuildFile section */
		0DB7920929C877920023A709 /* AppDelegate.swift in Sources */ = {isa = PBXBuildFile; fileRef = 0DB7920829C877920023A709 /* AppDelegate.swift */; };
		0DB7920B29C877920023A709 /* SceneDelegate.swift in Sources */ = {isa = PBXBuildFile; fileRef = 0DB7920A29C877920023A709 /* SceneDelegate.swift */; };
		0DB7920D29C877920023A709 /* MainTabBarViewController.swift in Sources */ = {isa = PBXBuildFile; fileRef = 0DB7920C29C877920023A709 /* MainTabBarViewController.swift */; };
		0DB7921229C877940023A709 /* Assets.xcassets in Resources */ = {isa = PBXBuildFile; fileRef = 0DB7921129C877940023A709 /* Assets.xcassets */; };
		0DB7921529C877940023A709 /* LaunchScreen.storyboard in Resources */ = {isa = PBXBuildFile; fileRef = 0DB7921329C877940023A709 /* LaunchScreen.storyboard */; };
		0DB7921E29C8AB5C0023A709 /* HomeViewController.swift in Sources */ = {isa = PBXBuildFile; fileRef = 0DB7921D29C8AB5C0023A709 /* HomeViewController.swift */; };
		0DB7922029C8ABC40023A709 /* UpcomingViewController.swift in Sources */ = {isa = PBXBuildFile; fileRef = 0DB7921F29C8ABC40023A709 /* UpcomingViewController.swift */; };
		0DB7922229C8AC510023A709 /* SearchViewController.swift in Sources */ = {isa = PBXBuildFile; fileRef = 0DB7922129C8AC510023A709 /* SearchViewController.swift */; };
		0DB7922429C8AC980023A709 /* DownloadsViewController.swift in Sources */ = {isa = PBXBuildFile; fileRef = 0DB7922329C8AC980023A709 /* DownloadsViewController.swift */; };
		0DB7922B29CAE2DB0023A709 /* CollectionViewTableViewCell.swift in Sources */ = {isa = PBXBuildFile; fileRef = 0DB7922A29CAE2DB0023A709 /* CollectionViewTableViewCell.swift */; };
/* End PBXBuildFile section */

/* Begin PBXFileReference section */
		0DB7920529C877920023A709 /* Skateflix.app */ = {isa = PBXFileReference; explicitFileType = wrapper.application; includeInIndex = 0; path = Skateflix.app; sourceTree = BUILT_PRODUCTS_DIR; };
		0DB7920829C877920023A709 /* AppDelegate.swift */ = {isa = PBXFileReference; lastKnownFileType = sourcecode.swift; path = AppDelegate.swift; sourceTree = "<group>"; };
		0DB7920A29C877920023A709 /* SceneDelegate.swift */ = {isa = PBXFileReference; lastKnownFileType = sourcecode.swift; path = SceneDelegate.swift; sourceTree = "<group>"; };
		0DB7920C29C877920023A709 /* MainTabBarViewController.swift */ = {isa = PBXFileReference; lastKnownFileType = sourcecode.swift; path = MainTabBarViewController.swift; sourceTree = "<group>"; };
		0DB7921129C877940023A709 /* Assets.xcassets */ = {isa = PBXFileReference; lastKnownFileType = folder.assetcatalog; path = Assets.xcassets; sourceTree = "<group>"; };
		0DB7921429C877940023A709 /* Base */ = {isa = PBXFileReference; lastKnownFileType = file.storyboard; name = Base; path = Base.lproj/LaunchScreen.storyboard; sourceTree = "<group>"; };
		0DB7921629C877940023A709 /* Info.plist */ = {isa = PBXFileReference; lastKnownFileType = text.plist.xml; path = Info.plist; sourceTree = "<group>"; };
		0DB7921D29C8AB5C0023A709 /* HomeViewController.swift */ = {isa = PBXFileReference; lastKnownFileType = sourcecode.swift; path = HomeViewController.swift; sourceTree = "<group>"; };
		0DB7921F29C8ABC40023A709 /* UpcomingViewController.swift */ = {isa = PBXFileReference; lastKnownFileType = sourcecode.swift; path = UpcomingViewController.swift; sourceTree = "<group>"; };
		0DB7922129C8AC510023A709 /* SearchViewController.swift */ = {isa = PBXFileReference; lastKnownFileType = sourcecode.swift; path = SearchViewController.swift; sourceTree = "<group>"; };
		0DB7922329C8AC980023A709 /* DownloadsViewController.swift */ = {isa = PBXFileReference; lastKnownFileType = sourcecode.swift; path = DownloadsViewController.swift; sourceTree = "<group>"; };
		0DB7922A29CAE2DB0023A709 /* CollectionViewTableViewCell.swift */ = {isa = PBXFileReference; lastKnownFileType = sourcecode.swift; path = CollectionViewTableViewCell.swift; sourceTree = "<group>"; };
/* End PBXFileReference section */

/* Begin PBXFrameworksBuildPhase section */
		0DB7920229C877920023A709 /* Frameworks */ = {
			isa = PBXFrameworksBuildPhase;
			buildActionMask = 2147483647;
			files = (
			);
			runOnlyForDeploymentPostprocessing = 0;
		};
/* End PBXFrameworksBuildPhase section */

/* Begin PBXGroup section */
		0DB791FC29C877920023A709 = {
			isa = PBXGroup;
			children = (
				0DB7920729C877920023A709 /* Skateflix */,
				0DB7920629C877920023A709 /* Products */,
			);
			sourceTree = "<group>";
		};
		0DB7920629C877920023A709 /* Products */ = {
			isa = PBXGroup;
			children = (
				0DB7920529C877920023A709 /* Skateflix.app */,
			);
			name = Products;
			sourceTree = "<group>";
		};
		0DB7920729C877920023A709 /* Skateflix */ = {
			isa = PBXGroup;
			children = (
				0DB7922929C8BB6C0023A709 /* Managers */,
				0DB7922829C8BB5C0023A709 /* Resources */,
				0DB7922729C8B69B0023A709 /* ViewModels */,
				0DB7922629C8B6900023A709 /* Models */,
				0DB7922529C8B6620023A709 /* Views */,
				0DB7921C29C8AB040023A709 /* Controllers */,
				0DB7920829C877920023A709 /* AppDelegate.swift */,
				0DB7920A29C877920023A709 /* SceneDelegate.swift */,
				0DB7920C29C877920023A709 /* MainTabBarViewController.swift */,
				0DB7921129C877940023A709 /* Assets.xcassets */,
				0DB7921329C877940023A709 /* LaunchScreen.storyboard */,
				0DB7921629C877940023A709 /* Info.plist */,
			);
			path = Skateflix;
			sourceTree = "<group>";
		};
		0DB7921C29C8AB040023A709 /* Controllers */ = {
			isa = PBXGroup;
			children = (
				0DB7921D29C8AB5C0023A709 /* HomeViewController.swift */,
				0DB7921F29C8ABC40023A709 /* UpcomingViewController.swift */,
				0DB7922129C8AC510023A709 /* SearchViewController.swift */,
				0DB7922329C8AC980023A709 /* DownloadsViewController.swift */,
			);
			path = Controllers;
			sourceTree = "<group>";
		};
		0DB7922529C8B6620023A709 /* Views */ = {
			isa = PBXGroup;
			children = (
				0DB7922A29CAE2DB0023A709 /* CollectionViewTableViewCell.swift */,
			);
			path = Views;
			sourceTree = "<group>";
		};
		0DB7922629C8B6900023A709 /* Models */ = {
			isa = PBXGroup;
			children = (
			);
			path = Models;
			sourceTree = "<group>";
		};
		0DB7922729C8B69B0023A709 /* ViewModels */ = {
			isa = PBXGroup;
			children = (
			);
			path = ViewModels;
			sourceTree = "<group>";
		};
		0DB7922829C8BB5C0023A709 /* Resources */ = {
			isa = PBXGroup;
			children = (
			);
			path = Resources;
			sourceTree = "<group>";
		};
		0DB7922929C8BB6C0023A709 /* Managers */ = {
			isa = PBXGroup;
			children = (
			);
			path = Managers;
			sourceTree = "<group>";
		};
/* End PBXGroup section */

/* Begin PBXNativeTarget section */
		0DB7920429C877920023A709 /* Skateflix */ = {
			isa = PBXNativeTarget;
			buildConfigurationList = 0DB7921929C877940023A709 /* Build configuration list for PBXNativeTarget "Skateflix" */;
			buildPhases = (
				0DB7920129C877920023A709 /* Sources */,
				0DB7920229C877920023A709 /* Frameworks */,
				0DB7920329C877920023A709 /* Resources */,
			);
			buildRules = (
			);
			dependencies = (
			);
			name = Skateflix;
			productName = Skateflix;
			productReference = 0DB7920529C877920023A709 /* Skateflix.app */;
			productType = "com.apple.product-type.application";
		};
/* End PBXNativeTarget section */

/* Begin PBXProject section */
		0DB791FD29C877920023A709 /* Project object */ = {
			isa = PBXProject;
			attributes = {
				BuildIndependentTargetsInParallel = 1;
				LastSwiftUpdateCheck = 1420;
				LastUpgradeCheck = 1420;
				TargetAttributes = {
					0DB7920429C877920023A709 = {
						CreatedOnToolsVersion = 14.2;
					};
				};
			};
			buildConfigurationList = 0DB7920029C877920023A709 /* Build configuration list for PBXProject "Skateflix" */;
			compatibilityVersion = "Xcode 14.0";
			developmentRegion = en;
			hasScannedForEncodings = 0;
			knownRegions = (
				en,
				Base,
			);
			mainGroup = 0DB791FC29C877920023A709;
			productRefGroup = 0DB7920629C877920023A709 /* Products */;
			projectDirPath = "";
			projectRoot = "";
			targets = (
				0DB7920429C877920023A709 /* Skateflix */,
			);
		};
/* End PBXProject section */

/* Begin PBXResourcesBuildPhase section */
		0DB7920329C877920023A709 /* Resources */ = {
			isa = PBXResourcesBuildPhase;
			buildActionMask = 2147483647;
			files = (
				0DB7921529C877940023A709 /* LaunchScreen.storyboard in Resources */,
				0DB7921229C877940023A709 /* Assets.xcassets in Resources */,
			);
			runOnlyForDeploymentPostprocessing = 0;
		};
/* End PBXResourcesBuildPhase section */

/* Begin PBXSourcesBuildPhase section */
		0DB7920129C877920023A709 /* Sources */ = {
			isa = PBXSourcesBuildPhase;
			buildActionMask = 2147483647;
			files = (
				0DB7922229C8AC510023A709 /* SearchViewController.swift in Sources */,
				0DB7920D29C877920023A709 /* MainTabBarViewController.swift in Sources */,
				0DB7922B29CAE2DB0023A709 /* CollectionViewTableViewCell.swift in Sources */,
				0DB7922429C8AC980023A709 /* DownloadsViewController.swift in Sources */,
				0DB7920929C877920023A709 /* AppDelegate.swift in Sources */,
				0DB7920B29C877920023A709 /* SceneDelegate.swift in Sources */,
				0DB7922029C8ABC40023A709 /* UpcomingViewController.swift in Sources */,
				0DB7921E29C8AB5C0023A709 /* HomeViewController.swift in Sources */,
			);
			runOnlyForDeploymentPostprocessing = 0;
		};
/* End PBXSourcesBuildPhase section */

/* Begin PBXVariantGroup section */
		0DB7921329C877940023A709 /* LaunchScreen.storyboard */ = {
			isa = PBXVariantGroup;
			children = (
				0DB7921429C877940023A709 /* Base */,
			);
			name = LaunchScreen.storyboard;
			sourceTree = "<group>";
		};
/* End PBXVariantGroup section */

/* Begin XCBuildConfiguration section */
		0DB7921729C877940023A709 /* Debug */ = {
			isa = XCBuildConfiguration;
			buildSettings = {
				ALWAYS_SEARCH_USER_PATHS = NO;
				CLANG_ANALYZER_NONNULL = YES;
				CLANG_ANALYZER_NUMBER_OBJECT_CONVERSION = YES_AGGRESSIVE;
				CLANG_CXX_LANGUAGE_STANDARD = "gnu++20";
				CLANG_ENABLE_MODULES = YES;
				CLANG_ENABLE_OBJC_ARC = YES;
				CLANG_ENABLE_OBJC_WEAK = YES;
				CLANG_WARN_BLOCK_CAPTURE_AUTORELEASING = YES;
				CLANG_WARN_BOOL_CONVERSION = YES;
				CLANG_WARN_COMMA = YES;
				CLANG_WARN_CONSTANT_CONVERSION = YES;
				CLANG_WARN_DEPRECATED_OBJC_IMPLEMENTATIONS = YES;
				CLANG_WARN_DIRECT_OBJC_ISA_USAGE = YES_ERROR;
				CLANG_WARN_DOCUMENTATION_COMMENTS = YES;
				CLANG_WARN_EMPTY_BODY = YES;
				CLANG_WARN_ENUM_CONVERSION = YES;
				CLANG_WARN_INFINITE_RECURSION = YES;
				CLANG_WARN_INT_CONVERSION = YES;
				CLANG_WARN_NON_LITERAL_NULL_CONVERSION = YES;
				CLANG_WARN_OBJC_IMPLICIT_RETAIN_SELF = YES;
				CLANG_WARN_OBJC_LITERAL_CONVERSION = YES;
				CLANG_WARN_OBJC_ROOT_CLASS = YES_ERROR;
				CLANG_WARN_QUOTED_INCLUDE_IN_FRAMEWORK_HEADER = YES;
				CLANG_WARN_RANGE_LOOP_ANALYSIS = YES;
				CLANG_WARN_STRICT_PROTOTYPES = YES;
				CLANG_WARN_SUSPICIOUS_MOVE = YES;
				CLANG_WARN_UNGUARDED_AVAILABILITY = YES_AGGRESSIVE;
				CLANG_WARN_UNREACHABLE_CODE = YES;
				CLANG_WARN__DUPLICATE_METHOD_MATCH = YES;
				COPY_PHASE_STRIP = NO;
				DEBUG_INFORMATION_FORMAT = dwarf;
				ENABLE_STRICT_OBJC_MSGSEND = YES;
				ENABLE_TESTABILITY = YES;
				GCC_C_LANGUAGE_STANDARD = gnu11;
				GCC_DYNAMIC_NO_PIC = NO;
				GCC_NO_COMMON_BLOCKS = YES;
				GCC_OPTIMIZATION_LEVEL = 0;
				GCC_PREPROCESSOR_DEFINITIONS = (
					"DEBUG=1",
					"$(inherited)",
				);
				GCC_WARN_64_TO_32_BIT_CONVERSION = YES;
				GCC_WARN_ABOUT_RETURN_TYPE = YES_ERROR;
				GCC_WARN_UNDECLARED_SELECTOR = YES;
				GCC_WARN_UNINITIALIZED_AUTOS = YES_AGGRESSIVE;
				GCC_WARN_UNUSED_FUNCTION = YES;
				GCC_WARN_UNUSED_VARIABLE = YES;
				IPHONEOS_DEPLOYMENT_TARGET = 16.2;
				MTL_ENABLE_DEBUG_INFO = INCLUDE_SOURCE;
				MTL_FAST_MATH = YES;
				ONLY_ACTIVE_ARCH = YES;
				SDKROOT = iphoneos;
				SWIFT_ACTIVE_COMPILATION_CONDITIONS = DEBUG;
				SWIFT_OPTIMIZATION_LEVEL = "-Onone";
			};
			name = Debug;
		};
		0DB7921829C877940023A709 /* Release */ = {
			isa = XCBuildConfiguration;
			buildSettings = {
				ALWAYS_SEARCH_USER_PATHS = NO;
				CLANG_ANALYZER_NONNULL = YES;
				CLANG_ANALYZER_NUMBER_OBJECT_CONVERSION = YES_AGGRESSIVE;
				CLANG_CXX_LANGUAGE_STANDARD = "gnu++20";
				CLANG_ENABLE_MODULES = YES;
				CLANG_ENABLE_OBJC_ARC = YES;
				CLANG_ENABLE_OBJC_WEAK = YES;
				CLANG_WARN_BLOCK_CAPTURE_AUTORELEASING = YES;
				CLANG_WARN_BOOL_CONVERSION = YES;
				CLANG_WARN_COMMA = YES;
				CLANG_WARN_CONSTANT_CONVERSION = YES;
				CLANG_WARN_DEPRECATED_OBJC_IMPLEMENTATIONS = YES;
				CLANG_WARN_DIRECT_OBJC_ISA_USAGE = YES_ERROR;
				CLANG_WARN_DOCUMENTATION_COMMENTS = YES;
				CLANG_WARN_EMPTY_BODY = YES;
				CLANG_WARN_ENUM_CONVERSION = YES;
				CLANG_WARN_INFINITE_RECURSION = YES;
				CLANG_WARN_INT_CONVERSION = YES;
				CLANG_WARN_NON_LITERAL_NULL_CONVERSION = YES;
				CLANG_WARN_OBJC_IMPLICIT_RETAIN_SELF = YES;
				CLANG_WARN_OBJC_LITERAL_CONVERSION = YES;
				CLANG_WARN_OBJC_ROOT_CLASS = YES_ERROR;
				CLANG_WARN_QUOTED_INCLUDE_IN_FRAMEWORK_HEADER = YES;
				CLANG_WARN_RANGE_LOOP_ANALYSIS = YES;
				CLANG_WARN_STRICT_PROTOTYPES = YES;
				CLANG_WARN_SUSPICIOUS_MOVE = YES;
				CLANG_WARN_UNGUARDED_AVAILABILITY = YES_AGGRESSIVE;
				CLANG_WARN_UNREACHABLE_CODE = YES;
				CLANG_WARN__DUPLICATE_METHOD_MATCH = YES;
				COPY_PHASE_STRIP = NO;
				DEBUG_INFORMATION_FORMAT = "dwarf-with-dsym";
				ENABLE_NS_ASSERTIONS = NO;
				ENABLE_STRICT_OBJC_MSGSEND = YES;
				GCC_C_LANGUAGE_STANDARD = gnu11;
				GCC_NO_COMMON_BLOCKS = YES;
				GCC_WARN_64_TO_32_BIT_CONVERSION = YES;
				GCC_WARN_ABOUT_RETURN_TYPE = YES_ERROR;
				GCC_WARN_UNDECLARED_SELECTOR = YES;
				GCC_WARN_UNINITIALIZED_AUTOS = YES_AGGRESSIVE;
				GCC_WARN_UNUSED_FUNCTION = YES;
				GCC_WARN_UNUSED_VARIABLE = YES;
				IPHONEOS_DEPLOYMENT_TARGET = 16.2;
				MTL_ENABLE_DEBUG_INFO = NO;
				MTL_FAST_MATH = YES;
				SDKROOT = iphoneos;
				SWIFT_COMPILATION_MODE = wholemodule;
				SWIFT_OPTIMIZATION_LEVEL = "-O";
				VALIDATE_PRODUCT = YES;
			};
			name = Release;
		};
		0DB7921A29C877940023A709 /* Debug */ = {
			isa = XCBuildConfiguration;
			buildSettings = {
				ASSETCATALOG_COMPILER_APPICON_NAME = AppIcon;
				ASSETCATALOG_COMPILER_GLOBAL_ACCENT_COLOR_NAME = AccentColor;
				CODE_SIGN_STYLE = Automatic;
				CURRENT_PROJECT_VERSION = 1;
				DEVELOPMENT_TEAM = YL73CKJRKJ;
				GENERATE_INFOPLIST_FILE = YES;
				INFOPLIST_FILE = Skateflix/Info.plist;
				INFOPLIST_KEY_UIApplicationSupportsIndirectInputEvents = YES;
				INFOPLIST_KEY_UILaunchStoryboardName = LaunchScreen;
				INFOPLIST_KEY_UISupportedInterfaceOrientations_iPad = "UIInterfaceOrientationPortrait UIInterfaceOrientationPortraitUpsideDown UIInterfaceOrientationLandscapeLeft UIInterfaceOrientationLandscapeRight";
				INFOPLIST_KEY_UISupportedInterfaceOrientations_iPhone = "UIInterfaceOrientationPortrait UIInterfaceOrientationLandscapeLeft UIInterfaceOrientationLandscapeRight";
				LD_RUNPATH_SEARCH_PATHS = (
					"$(inherited)",
					"@executable_path/Frameworks",
				);
				MARKETING_VERSION = 1.0;
				PRODUCT_BUNDLE_IDENTIFIER = com.MoEspinosa.Skateflix;
				PRODUCT_NAME = "$(TARGET_NAME)";
				SWIFT_EMIT_LOC_STRINGS = YES;
				SWIFT_VERSION = 5.0;
				TARGETED_DEVICE_FAMILY = "1,2";
			};
			name = Debug;
		};
		0DB7921B29C877940023A709 /* Release */ = {
			isa = XCBuildConfiguration;
			buildSettings = {
				ASSETCATALOG_COMPILER_APPICON_NAME = AppIcon;
				ASSETCATALOG_COMPILER_GLOBAL_ACCENT_COLOR_NAME = AccentColor;
				CODE_SIGN_STYLE = Automatic;
				CURRENT_PROJECT_VERSION = 1;
				DEVELOPMENT_TEAM = YL73CKJRKJ;
				GENERATE_INFOPLIST_FILE = YES;
				INFOPLIST_FILE = Skateflix/Info.plist;
				INFOPLIST_KEY_UIApplicationSupportsIndirectInputEvents = YES;
				INFOPLIST_KEY_UILaunchStoryboardName = LaunchScreen;
				INFOPLIST_KEY_UISupportedInterfaceOrientations_iPad = "UIInterfaceOrientationPortrait UIInterfaceOrientationPortraitUpsideDown UIInterfaceOrientationLandscapeLeft UIInterfaceOrientationLandscapeRight";
				INFOPLIST_KEY_UISupportedInterfaceOrientations_iPhone = "UIInterfaceOrientationPortrait UIInterfaceOrientationLandscapeLeft UIInterfaceOrientationLandscapeRight";
				LD_RUNPATH_SEARCH_PATHS = (
					"$(inherited)",
					"@executable_path/Frameworks",
				);
				MARKETING_VERSION = 1.0;
				PRODUCT_BUNDLE_IDENTIFIER = com.MoEspinosa.Skateflix;
				PRODUCT_NAME = "$(TARGET_NAME)";
				SWIFT_EMIT_LOC_STRINGS = YES;
				SWIFT_VERSION = 5.0;
				TARGETED_DEVICE_FAMILY = "1,2";
			};
			name = Release;
		};
/* End XCBuildConfiguration section */

/* Begin XCConfigurationList section */
		0DB7920029C877920023A709 /* Build configuration list for PBXProject "Skateflix" */ = {
			isa = XCConfigurationList;
			buildConfigurations = (
				0DB7921729C877940023A709 /* Debug */,
				0DB7921829C877940023A709 /* Release */,
			);
			defaultConfigurationIsVisible = 0;
			defaultConfigurationName = Release;
		};
		0DB7921929C877940023A709 /* Build configuration list for PBXNativeTarget "Skateflix" */ = {
			isa = XCConfigurationList;
			buildConfigurations = (
				0DB7921A29C877940023A709 /* Debug */,
				0DB7921B29C877940023A709 /* Release */,
			);
			defaultConfigurationIsVisible = 0;
			defaultConfigurationName = Release;
		};
/* End XCConfigurationList section */
	};
	rootObject = 0DB791FD29C877920023A709 /* Project object */;
}
